
Microsoft Visual Studio Solution File, Format Version 12.00
# Visual Studio Version 17
VisualStudioVersion = 17.11.35312.102
MinimumVisualStudioVersion = 10.0.40219.1
Project("{FAE04EC0-301F-11D3-BF4B-00C04F79EFBC}") = "SimpleToPark", "SimpleToPark.csproj", "{2523B8CE-A10A-4B05-8AB8-353498F6CB69}"
EndProject
Global
	GlobalSection(SolutionConfigurationPlatforms) = preSolution
		Debug|Any CPU = Debug|Any CPU
		Release|Any CPU = Release|Any CPU
	EndGlobalSection
	GlobalSection(ProjectConfigurationPlatforms) = postSolution
		{2523B8CE-A10A-4B05-8AB8-353498F6CB69}.Debug|Any CPU.ActiveCfg = Debug|Any CPU
		{2523B8CE-A10A-4B05-8AB8-353498F6CB69}.Debug|Any CPU.Build.0 = Debug|Any CPU
		{2523B8CE-A10A-4B05-8AB8-353498F6CB69}.Release|Any CPU.ActiveCfg = Release|Any CPU
		{2523B8CE-A10A-4B05-8AB8-353498F6CB69}.Release|Any CPU.Build.0 = Release|Any CPU
	EndGlobalSection
	GlobalSection(SolutionProperties) = preSolution
		HideSolutionNode = FALSE
	EndGlobalSection
	GlobalSection(ExtensibilityGlobals) = postSolution
		SolutionGuid = {22AA2D7B-5CCA-428B-875E-6E65C6E0E50E}
	EndGlobalSection
EndGlobal
